
Microsoft Visual Studio Solution File, Format Version 12.00
# Visual Studio Version 18
VisualStudioVersion = 18.1.11304.174
MinimumVisualStudioVersion = 10.0.40219.1
Project("{FAE04EC0-301F-11D3-BF4B-00C04F79EFBC}") = "01_Algoritma", "01_Algoritma\01_Algoritma.csproj", "{5F9E1867-5F6D-446D-B8AD-DB5F37C9A1A0}"
EndProject
Project("{FAE04EC0-301F-11D3-BF4B-00C04F79EFBC}") = "02_Degiskenler_VeriTipleri", "02_Degiskenler_VeriTipleri\02_Degiskenler_VeriTipleri.csproj", "{13CA2773-97AF-4F94-9DD2-1F2730611F7D}"
EndProject
Project("{FAE04EC0-301F-11D3-BF4B-00C04F79EFBC}") = "03_TurDonusumleri", "03_TurDonusumleri\03_TurDonusumleri.csproj", "{63D720F6-594A-437B-85BD-9043656A99B9}"
EndProject
Project("{FAE04EC0-301F-11D3-BF4B-00C04F79EFBC}") = "04_Operatorler", "04_Operatorler\04_Operatorler.csproj", "{1B104547-880E-46D9-9794-150099B4B4FC}"
EndProject
Project("{FAE04EC0-301F-11D3-BF4B-00C04F79EFBC}") = "05_Karar_Yapilari", "05_Karar_Yapilari\05_Karar_Yapilari.csproj", "{1F79D4DA-2955-4391-A718-FDCCBD9973C0}"
EndProject
Project("{FAE04EC0-301F-11D3-BF4B-00C04F79EFBC}") = "06_Bankamatik", "06_Bankamatik\06_Bankamatik.csproj", "{7D261DA8-96C2-409B-A8B6-8D1850F0464A}"
EndProject
Project("{FAE04EC0-301F-11D3-BF4B-00C04F79EFBC}") = "07_DateTime", "07_DateTime\07_DateTime.csproj", "{64304C99-F7EC-4518-8B22-097C840486B7}"
EndProject
Project("{FAE04EC0-301F-11D3-BF4B-00C04F79EFBC}") = "08_StringMetotlar", "08_StringMetotlar\08_StringMetotlar.csproj", "{678A0380-0AFD-4123-8875-7877ED8955F2}"
EndProject
Project("{FAE04EC0-301F-11D3-BF4B-00C04F79EFBC}") = "09_Donguler", "09_Donguler\09_Donguler.csproj", "{3330AEF9-5201-4538-BF2F-E1199F096399}"
EndProject
Project("{FAE04EC0-301F-11D3-BF4B-00C04F79EFBC}") = "10_Arrays", "10_Arrays\10_Arrays.csproj", "{37E20439-119A-46A8-A8CE-3ACD992D25A8}"
EndProject
Project("{FAE04EC0-301F-11D3-BF4B-00C04F79EFBC}") = "11_OtomatMakinesi", "11_OtomatMakinesi\11_OtomatMakinesi.csproj", "{EE16F778-7F90-4C07-BCEF-F25FBE1EA225}"
EndProject
Project("{FAE04EC0-301F-11D3-BF4B-00C04F79EFBC}") = "12_Metotlar", "12_Metotlar\12_Metotlar.csproj", "{726243CF-212E-4614-BDD0-B71569D691DA}"
EndProject
Project("{FAE04EC0-301F-11D3-BF4B-00C04F79EFBC}") = "12_Metotlar_2", "12_Metotlar_2\12_Metotlar_2.csproj", "{95EDF56A-B7BF-47C3-A215-0AE06FBC4B51}"
EndProject
Project("{FAE04EC0-301F-11D3-BF4B-00C04F79EFBC}") = "12_Metotlar_3", "12_Metotlar_3\12_Metotlar_3.csproj", "{46CADE46-7E01-4AF7-B5FB-9A15F6BD0369}"
EndProject
Project("{FAE04EC0-301F-11D3-BF4B-00C04F79EFBC}") = "12_Metotlar_4", "12_Metotlar_4\12_Metotlar_4.csproj", "{76ADAE05-3F82-4A09-92B8-A0537412807C}"
EndProject
Project("{FAE04EC0-301F-11D3-BF4B-00C04F79EFBC}") = "12_Metotlar_5", "12_Metotlar_5\12_Metotlar_5.csproj", "{1C8DE4C7-0AD2-46F0-AFA4-761F04BE5342}"
EndProject
Project("{FAE04EC0-301F-11D3-BF4B-00C04F79EFBC}") = "12_Metotlar_6", "12_Metotlar_6\12_Metotlar_6.csproj", "{D295C92B-48B4-4EBA-ADAB-2060DF8B5171}"
EndProject
Project("{FAE04EC0-301F-11D3-BF4B-00C04F79EFBC}") = "12_Metotlar_7", "12_Metotlar_7\12_Metotlar_7.csproj", "{547FAA3A-5EEA-42F7-9073-2AFD34F9E69F}"
EndProject
Project("{FAE04EC0-301F-11D3-BF4B-00C04F79EFBC}") = "12_Metotlar_8", "12_Metotlar_8\12_Metotlar_8.csproj", "{ABFFC48B-634C-4BE0-83AA-F511D7D57349}"
EndProject
Project("{FAE04EC0-301F-11D3-BF4B-00C04F79EFBC}") = "13_ArrayList", "13_ArrayList\13_ArrayList.csproj", "{81AA7E55-C320-422D-8858-6D26863E6966}"
EndProject
Project("{FAE04EC0-301F-11D3-BF4B-00C04F79EFBC}") = "13_ManavOtomasyonu", "13_ManavOtomasyonu\13_ManavOtomasyonu.csproj", "{07D42EB8-08E3-439C-87AB-72CD8B1CFB0C}"
EndProject
Project("{FAE04EC0-301F-11D3-BF4B-00C04F79EFBC}") = "14_SortedList", "14_SortedList\14_SortedList.csproj", "{44C47088-39B5-4434-84B6-AB5702FE75B9}"
EndProject
Project("{FAE04EC0-301F-11D3-BF4B-00C04F79EFBC}") = "15_List", "15_List\15_List.csproj", "{41DF8722-974E-43F3-8C55-DD347050FEAC}"
EndProject
Project("{FAE04EC0-301F-11D3-BF4B-00C04F79EFBC}") = "16_Class_1", "16_Class_1\16_Class_1.csproj", "{88452E41-0AF1-48CC-86D9-41FAAEE75594}"
EndProject
Project("{FAE04EC0-301F-11D3-BF4B-00C04F79EFBC}") = "16_Class_2", "16_Class_2\16_Class_2.csproj", "{51C14E63-F9F8-4423-A87E-B41A6898F64D}"
EndProject
Project("{FAE04EC0-301F-11D3-BF4B-00C04F79EFBC}") = "11_Try_Catch", "11_Try_Catch\11_Try_Catch.csproj", "{982E2712-9170-48F5-8738-22B95EBC86BD}"
EndProject
Project("{FAE04EC0-301F-11D3-BF4B-00C04F79EFBC}") = "16_Class_3", "16_Class_3\16_Class_3.csproj", "{AAE8C2B6-979A-4330-B95C-6BC9095B33D0}"
EndProject
Project("{FAE04EC0-301F-11D3-BF4B-00C04F79EFBC}") = "16_Class_4_Kutuphane", "16_Class_4_Kutuphane\16_Class_4_Kutuphane.csproj", "{69EB03AC-8057-4F6C-8568-7CC3AE7AFA62}"
EndProject
Project("{FAE04EC0-301F-11D3-BF4B-00C04F79EFBC}") = "16_Class_5_Constructor", "16_Class_5_Constructor\16_Class_5_Constructor.csproj", "{576F66FA-5017-4B91-9AE0-34D1E3C131D6}"
EndProject
Project("{FAE04EC0-301F-11D3-BF4B-00C04F79EFBC}") = "16_Class_5_Constructor_2", "16_Class_5_Constructor_2\16_Class_5_Constructor_2.csproj", "{1CB7222F-0464-42DA-97C2-77B9E1962316}"
EndProject
Project("{FAE04EC0-301F-11D3-BF4B-00C04F79EFBC}") = "16_Class_5_Constructor_3", "16_Class_5_Constructor_3\16_Class_5_Constructor_3.csproj", "{E113EF63-2009-4F58-A07C-29CF3FC3A8ED}"
EndProject
Project("{FAE04EC0-301F-11D3-BF4B-00C04F79EFBC}") = "16_Class_6_Enum", "16_Class_6_Enum\16_Class_6_Enum.csproj", "{948AE4B9-1293-4972-8A58-6DDE52C81DCD}"
EndProject
Project("{FAE04EC0-301F-11D3-BF4B-00C04F79EFBC}") = "16_Class_6_Enum_2", "16_Class_6_Enum_2\16_Class_6_Enum_2.csproj", "{8CE41920-D801-47F0-9538-5B6D9B2B9D2B}"
EndProject
Project("{FAE04EC0-301F-11D3-BF4B-00C04F79EFBC}") = "16_Class_7_This", "16_Class_7_This\16_Class_7_This.csproj", "{72BCC478-53FA-465A-B2E1-6A028A43176C}"
EndProject
Project("{FAE04EC0-301F-11D3-BF4B-00C04F79EFBC}") = "16_Class_8_Partial", "16_Class_8_Partial\16_Class_8_Partial.csproj", "{ADDB25FE-1034-4A0C-9CEB-96C7029A7BA3}"
EndProject
Global
	GlobalSection(SolutionConfigurationPlatforms) = preSolution
		Debug|Any CPU = Debug|Any CPU
		Release|Any CPU = Release|Any CPU
	EndGlobalSection
	GlobalSection(ProjectConfigurationPlatforms) = postSolution
		{5F9E1867-5F6D-446D-B8AD-DB5F37C9A1A0}.Debug|Any CPU.ActiveCfg = Debug|Any CPU
		{5F9E1867-5F6D-446D-B8AD-DB5F37C9A1A0}.Debug|Any CPU.Build.0 = Debug|Any CPU
		{5F9E1867-5F6D-446D-B8AD-DB5F37C9A1A0}.Release|Any CPU.ActiveCfg = Release|Any CPU
		{5F9E1867-5F6D-446D-B8AD-DB5F37C9A1A0}.Release|Any CPU.Build.0 = Release|Any CPU
		{13CA2773-97AF-4F94-9DD2-1F2730611F7D}.Debug|Any CPU.ActiveCfg = Debug|Any CPU
		{13CA2773-97AF-4F94-9DD2-1F2730611F7D}.Debug|Any CPU.Build.0 = Debug|Any CPU
		{13CA2773-97AF-4F94-9DD2-1F2730611F7D}.Release|Any CPU.ActiveCfg = Release|Any CPU
		{13CA2773-97AF-4F94-9DD2-1F2730611F7D}.Release|Any CPU.Build.0 = Release|Any CPU
		{63D720F6-594A-437B-85BD-9043656A99B9}.Debug|Any CPU.ActiveCfg = Debug|Any CPU
		{63D720F6-594A-437B-85BD-9043656A99B9}.Debug|Any CPU.Build.0 = Debug|Any CPU
		{63D720F6-594A-437B-85BD-9043656A99B9}.Release|Any CPU.ActiveCfg = Release|Any CPU
		{63D720F6-594A-437B-85BD-9043656A99B9}.Release|Any CPU.Build.0 = Release|Any CPU
		{1B104547-880E-46D9-9794-150099B4B4FC}.Debug|Any CPU.ActiveCfg = Debug|Any CPU
		{1B104547-880E-46D9-9794-150099B4B4FC}.Debug|Any CPU.Build.0 = Debug|Any CPU
		{1B104547-880E-46D9-9794-150099B4B4FC}.Release|Any CPU.ActiveCfg = Release|Any CPU
		{1B104547-880E-46D9-9794-150099B4B4FC}.Release|Any CPU.Build.0 = Release|Any CPU
		{1F79D4DA-2955-4391-A718-FDCCBD9973C0}.Debug|Any CPU.ActiveCfg = Debug|Any CPU
		{1F79D4DA-2955-4391-A718-FDCCBD9973C0}.Debug|Any CPU.Build.0 = Debug|Any CPU
		{1F79D4DA-2955-4391-A718-FDCCBD9973C0}.Release|Any CPU.ActiveCfg = Release|Any CPU
		{1F79D4DA-2955-4391-A718-FDCCBD9973C0}.Release|Any CPU.Build.0 = Release|Any CPU
		{7D261DA8-96C2-409B-A8B6-8D1850F0464A}.Debug|Any CPU.ActiveCfg = Debug|Any CPU
		{7D261DA8-96C2-409B-A8B6-8D1850F0464A}.Debug|Any CPU.Build.0 = Debug|Any CPU
		{7D261DA8-96C2-409B-A8B6-8D1850F0464A}.Release|Any CPU.ActiveCfg = Release|Any CPU
		{7D261DA8-96C2-409B-A8B6-8D1850F0464A}.Release|Any CPU.Build.0 = Release|Any CPU
		{64304C99-F7EC-4518-8B22-097C840486B7}.Debug|Any CPU.ActiveCfg = Debug|Any CPU
		{64304C99-F7EC-4518-8B22-097C840486B7}.Debug|Any CPU.Build.0 = Debug|Any CPU
		{64304C99-F7EC-4518-8B22-097C840486B7}.Release|Any CPU.ActiveCfg = Release|Any CPU
		{64304C99-F7EC-4518-8B22-097C840486B7}.Release|Any CPU.Build.0 = Release|Any CPU
		{678A0380-0AFD-4123-8875-7877ED8955F2}.Debug|Any CPU.ActiveCfg = Debug|Any CPU
		{678A0380-0AFD-4123-8875-7877ED8955F2}.Debug|Any CPU.Build.0 = Debug|Any CPU
		{678A0380-0AFD-4123-8875-7877ED8955F2}.Release|Any CPU.ActiveCfg = Release|Any CPU
		{678A0380-0AFD-4123-8875-7877ED8955F2}.Release|Any CPU.Build.0 = Release|Any CPU
		{3330AEF9-5201-4538-BF2F-E1199F096399}.Debug|Any CPU.ActiveCfg = Debug|Any CPU
		{3330AEF9-5201-4538-BF2F-E1199F096399}.Debug|Any CPU.Build.0 = Debug|Any CPU
		{3330AEF9-5201-4538-BF2F-E1199F096399}.Release|Any CPU.ActiveCfg = Release|Any CPU
		{3330AEF9-5201-4538-BF2F-E1199F096399}.Release|Any CPU.Build.0 = Release|Any CPU
		{37E20439-119A-46A8-A8CE-3ACD992D25A8}.Debug|Any CPU.ActiveCfg = Debug|Any CPU
		{37E20439-119A-46A8-A8CE-3ACD992D25A8}.Debug|Any CPU.Build.0 = Debug|Any CPU
		{37E20439-119A-46A8-A8CE-3ACD992D25A8}.Release|Any CPU.ActiveCfg = Release|Any CPU
		{37E20439-119A-46A8-A8CE-3ACD992D25A8}.Release|Any CPU.Build.0 = Release|Any CPU
		{EE16F778-7F90-4C07-BCEF-F25FBE1EA225}.Debug|Any CPU.ActiveCfg = Debug|Any CPU
		{EE16F778-7F90-4C07-BCEF-F25FBE1EA225}.Debug|Any CPU.Build.0 = Debug|Any CPU
		{EE16F778-7F90-4C07-BCEF-F25FBE1EA225}.Release|Any CPU.ActiveCfg = Release|Any CPU
		{EE16F778-7F90-4C07-BCEF-F25FBE1EA225}.Release|Any CPU.Build.0 = Release|Any CPU
		{726243CF-212E-4614-BDD0-B71569D691DA}.Debug|Any CPU.ActiveCfg = Debug|Any CPU
		{726243CF-212E-4614-BDD0-B71569D691DA}.Debug|Any CPU.Build.0 = Debug|Any CPU
		{726243CF-212E-4614-BDD0-B71569D691DA}.Release|Any CPU.ActiveCfg = Release|Any CPU
		{726243CF-212E-4614-BDD0-B71569D691DA}.Release|Any CPU.Build.0 = Release|Any CPU
		{95EDF56A-B7BF-47C3-A215-0AE06FBC4B51}.Debug|Any CPU.ActiveCfg = Debug|Any CPU
		{95EDF56A-B7BF-47C3-A215-0AE06FBC4B51}.Debug|Any CPU.Build.0 = Debug|Any CPU
		{95EDF56A-B7BF-47C3-A215-0AE06FBC4B51}.Release|Any CPU.ActiveCfg = Release|Any CPU
		{95EDF56A-B7BF-47C3-A215-0AE06FBC4B51}.Release|Any CPU.Build.0 = Release|Any CPU
		{46CADE46-7E01-4AF7-B5FB-9A15F6BD0369}.Debug|Any CPU.ActiveCfg = Debug|Any CPU
		{46CADE46-7E01-4AF7-B5FB-9A15F6BD0369}.Debug|Any CPU.Build.0 = Debug|Any CPU
		{46CADE46-7E01-4AF7-B5FB-9A15F6BD0369}.Release|Any CPU.ActiveCfg = Release|Any CPU
		{46CADE46-7E01-4AF7-B5FB-9A15F6BD0369}.Release|Any CPU.Build.0 = Release|Any CPU
		{76ADAE05-3F82-4A09-92B8-A0537412807C}.Debug|Any CPU.ActiveCfg = Debug|Any CPU
		{76ADAE05-3F82-4A09-92B8-A0537412807C}.Debug|Any CPU.Build.0 = Debug|Any CPU
		{76ADAE05-3F82-4A09-92B8-A0537412807C}.Release|Any CPU.ActiveCfg = Release|Any CPU
		{76ADAE05-3F82-4A09-92B8-A0537412807C}.Release|Any CPU.Build.0 = Release|Any CPU
		{1C8DE4C7-0AD2-46F0-AFA4-761F04BE5342}.Debug|Any CPU.ActiveCfg = Debug|Any CPU
		{1C8DE4C7-0AD2-46F0-AFA4-761F04BE5342}.Debug|Any CPU.Build.0 = Debug|Any CPU
		{1C8DE4C7-0AD2-46F0-AFA4-761F04BE5342}.Release|Any CPU.ActiveCfg = Release|Any CPU
		{1C8DE4C7-0AD2-46F0-AFA4-761F04BE5342}.Release|Any CPU.Build.0 = Release|Any CPU
		{D295C92B-48B4-4EBA-ADAB-2060DF8B5171}.Debug|Any CPU.ActiveCfg = Debug|Any CPU
		{D295C92B-48B4-4EBA-ADAB-2060DF8B5171}.Debug|Any CPU.Build.0 = Debug|Any CPU
		{D295C92B-48B4-4EBA-ADAB-2060DF8B5171}.Release|Any CPU.ActiveCfg = Release|Any CPU
		{D295C92B-48B4-4EBA-ADAB-2060DF8B5171}.Release|Any CPU.Build.0 = Release|Any CPU
		{547FAA3A-5EEA-42F7-9073-2AFD34F9E69F}.Debug|Any CPU.ActiveCfg = Debug|Any CPU
		{547FAA3A-5EEA-42F7-9073-2AFD34F9E69F}.Debug|Any CPU.Build.0 = Debug|Any CPU
		{547FAA3A-5EEA-42F7-9073-2AFD34F9E69F}.Release|Any CPU.ActiveCfg = Release|Any CPU
		{547FAA3A-5EEA-42F7-9073-2AFD34F9E69F}.Release|Any CPU.Build.0 = Release|Any CPU
		{ABFFC48B-634C-4BE0-83AA-F511D7D57349}.Debug|Any CPU.ActiveCfg = Debug|Any CPU
		{ABFFC48B-634C-4BE0-83AA-F511D7D57349}.Debug|Any CPU.Build.0 = Debug|Any CPU
		{ABFFC48B-634C-4BE0-83AA-F511D7D57349}.Release|Any CPU.ActiveCfg = Release|Any CPU
		{ABFFC48B-634C-4BE0-83AA-F511D7D57349}.Release|Any CPU.Build.0 = Release|Any CPU
		{81AA7E55-C320-422D-8858-6D26863E6966}.Debug|Any CPU.ActiveCfg = Debug|Any CPU
		{81AA7E55-C320-422D-8858-6D26863E6966}.Debug|Any CPU.Build.0 = Debug|Any CPU
		{81AA7E55-C320-422D-8858-6D26863E6966}.Release|Any CPU.ActiveCfg = Release|Any CPU
		{81AA7E55-C320-422D-8858-6D26863E6966}.Release|Any CPU.Build.0 = Release|Any CPU
		{07D42EB8-08E3-439C-87AB-72CD8B1CFB0C}.Debug|Any CPU.ActiveCfg = Debug|Any CPU
		{07D42EB8-08E3-439C-87AB-72CD8B1CFB0C}.Debug|Any CPU.Build.0 = Debug|Any CPU
		{07D42EB8-08E3-439C-87AB-72CD8B1CFB0C}.Release|Any CPU.ActiveCfg = Release|Any CPU
		{07D42EB8-08E3-439C-87AB-72CD8B1CFB0C}.Release|Any CPU.Build.0 = Release|Any CPU
		{44C47088-39B5-4434-84B6-AB5702FE75B9}.Debug|Any CPU.ActiveCfg = Debug|Any CPU
		{44C47088-39B5-4434-84B6-AB5702FE75B9}.Debug|Any CPU.Build.0 = Debug|Any CPU
		{44C47088-39B5-4434-84B6-AB5702FE75B9}.Release|Any CPU.ActiveCfg = Release|Any CPU
		{44C47088-39B5-4434-84B6-AB5702FE75B9}.Release|Any CPU.Build.0 = Release|Any CPU
		{41DF8722-974E-43F3-8C55-DD347050FEAC}.Debug|Any CPU.ActiveCfg = Debug|Any CPU
		{41DF8722-974E-43F3-8C55-DD347050FEAC}.Debug|Any CPU.Build.0 = Debug|Any CPU
		{41DF8722-974E-43F3-8C55-DD347050FEAC}.Release|Any CPU.ActiveCfg = Release|Any CPU
		{41DF8722-974E-43F3-8C55-DD347050FEAC}.Release|Any CPU.Build.0 = Release|Any CPU
		{88452E41-0AF1-48CC-86D9-41FAAEE75594}.Debug|Any CPU.ActiveCfg = Debug|Any CPU
		{88452E41-0AF1-48CC-86D9-41FAAEE75594}.Debug|Any CPU.Build.0 = Debug|Any CPU
		{88452E41-0AF1-48CC-86D9-41FAAEE75594}.Release|Any CPU.ActiveCfg = Release|Any CPU
		{88452E41-0AF1-48CC-86D9-41FAAEE75594}.Release|Any CPU.Build.0 = Release|Any CPU
		{51C14E63-F9F8-4423-A87E-B41A6898F64D}.Debug|Any CPU.ActiveCfg = Debug|Any CPU
		{51C14E63-F9F8-4423-A87E-B41A6898F64D}.Debug|Any CPU.Build.0 = Debug|Any CPU
		{51C14E63-F9F8-4423-A87E-B41A6898F64D}.Release|Any CPU.ActiveCfg = Release|Any CPU
		{51C14E63-F9F8-4423-A87E-B41A6898F64D}.Release|Any CPU.Build.0 = Release|Any CPU
		{982E2712-9170-48F5-8738-22B95EBC86BD}.Debug|Any CPU.ActiveCfg = Debug|Any CPU
		{982E2712-9170-48F5-8738-22B95EBC86BD}.Debug|Any CPU.Build.0 = Debug|Any CPU
		{982E2712-9170-48F5-8738-22B95EBC86BD}.Release|Any CPU.ActiveCfg = Release|Any CPU
		{982E2712-9170-48F5-8738-22B95EBC86BD}.Release|Any CPU.Build.0 = Release|Any CPU
		{AAE8C2B6-979A-4330-B95C-6BC9095B33D0}.Debug|Any CPU.ActiveCfg = Debug|Any CPU
		{AAE8C2B6-979A-4330-B95C-6BC9095B33D0}.Debug|Any CPU.Build.0 = Debug|Any CPU
		{AAE8C2B6-979A-4330-B95C-6BC9095B33D0}.Release|Any CPU.ActiveCfg = Release|Any CPU
		{AAE8C2B6-979A-4330-B95C-6BC9095B33D0}.Release|Any CPU.Build.0 = Release|Any CPU
		{69EB03AC-8057-4F6C-8568-7CC3AE7AFA62}.Debug|Any CPU.ActiveCfg = Debug|Any CPU
		{69EB03AC-8057-4F6C-8568-7CC3AE7AFA62}.Debug|Any CPU.Build.0 = Debug|Any CPU
		{69EB03AC-8057-4F6C-8568-7CC3AE7AFA62}.Release|Any CPU.ActiveCfg = Release|Any CPU
		{69EB03AC-8057-4F6C-8568-7CC3AE7AFA62}.Release|Any CPU.Build.0 = Release|Any CPU
		{576F66FA-5017-4B91-9AE0-34D1E3C131D6}.Debug|Any CPU.ActiveCfg = Debug|Any CPU
		{576F66FA-5017-4B91-9AE0-34D1E3C131D6}.Debug|Any CPU.Build.0 = Debug|Any CPU
		{576F66FA-5017-4B91-9AE0-34D1E3C131D6}.Release|Any CPU.ActiveCfg = Release|Any CPU
		{576F66FA-5017-4B91-9AE0-34D1E3C131D6}.Release|Any CPU.Build.0 = Release|Any CPU
		{1CB7222F-0464-42DA-97C2-77B9E1962316}.Debug|Any CPU.ActiveCfg = Debug|Any CPU
		{1CB7222F-0464-42DA-97C2-77B9E1962316}.Debug|Any CPU.Build.0 = Debug|Any CPU
		{1CB7222F-0464-42DA-97C2-77B9E1962316}.Release|Any CPU.ActiveCfg = Release|Any CPU
		{1CB7222F-0464-42DA-97C2-77B9E1962316}.Release|Any CPU.Build.0 = Release|Any CPU
		{E113EF63-2009-4F58-A07C-29CF3FC3A8ED}.Debug|Any CPU.ActiveCfg = Debug|Any CPU
		{E113EF63-2009-4F58-A07C-29CF3FC3A8ED}.Debug|Any CPU.Build.0 = Debug|Any CPU
		{E113EF63-2009-4F58-A07C-29CF3FC3A8ED}.Release|Any CPU.ActiveCfg = Release|Any CPU
		{E113EF63-2009-4F58-A07C-29CF3FC3A8ED}.Release|Any CPU.Build.0 = Release|Any CPU
		{948AE4B9-1293-4972-8A58-6DDE52C81DCD}.Debug|Any CPU.ActiveCfg = Debug|Any CPU
		{948AE4B9-1293-4972-8A58-6DDE52C81DCD}.Debug|Any CPU.Build.0 = Debug|Any CPU
		{948AE4B9-1293-4972-8A58-6DDE52C81DCD}.Release|Any CPU.ActiveCfg = Release|Any CPU
		{948AE4B9-1293-4972-8A58-6DDE52C81DCD}.Release|Any CPU.Build.0 = Release|Any CPU
		{8CE41920-D801-47F0-9538-5B6D9B2B9D2B}.Debug|Any CPU.ActiveCfg = Debug|Any CPU
		{8CE41920-D801-47F0-9538-5B6D9B2B9D2B}.Debug|Any CPU.Build.0 = Debug|Any CPU
		{8CE41920-D801-47F0-9538-5B6D9B2B9D2B}.Release|Any CPU.ActiveCfg = Release|Any CPU
		{8CE41920-D801-47F0-9538-5B6D9B2B9D2B}.Release|Any CPU.Build.0 = Release|Any CPU
		{72BCC478-53FA-465A-B2E1-6A028A43176C}.Debug|Any CPU.ActiveCfg = Debug|Any CPU
		{72BCC478-53FA-465A-B2E1-6A028A43176C}.Debug|Any CPU.Build.0 = Debug|Any CPU
		{72BCC478-53FA-465A-B2E1-6A028A43176C}.Release|Any CPU.ActiveCfg = Release|Any CPU
		{72BCC478-53FA-465A-B2E1-6A028A43176C}.Release|Any CPU.Build.0 = Release|Any CPU
		{ADDB25FE-1034-4A0C-9CEB-96C7029A7BA3}.Debug|Any CPU.ActiveCfg = Debug|Any CPU
		{ADDB25FE-1034-4A0C-9CEB-96C7029A7BA3}.Debug|Any CPU.Build.0 = Debug|Any CPU
		{ADDB25FE-1034-4A0C-9CEB-96C7029A7BA3}.Release|Any CPU.ActiveCfg = Release|Any CPU
		{ADDB25FE-1034-4A0C-9CEB-96C7029A7BA3}.Release|Any CPU.Build.0 = Release|Any CPU
	EndGlobalSection
	GlobalSection(SolutionProperties) = preSolution
		HideSolutionNode = FALSE
	EndGlobalSection
	GlobalSection(ExtensibilityGlobals) = postSolution
		SolutionGuid = {52FC1893-9C1D-4621-9426-981B0F6C5EF8}
	EndGlobalSection
EndGlobal
